
Microsoft Visual Studio Solution File, Format Version 12.00
# Visual Studio 2013
VisualStudioVersion = 12.0.21005.1
MinimumVisualStudioVersion = 10.0.40219.1
Project("{FAE04EC0-301F-11D3-BF4B-00C04F79EFBC}") = "VariantCaller", "VariantCaller\VariantCaller.csproj", "{C1EA5B21-991D-4455-BAA7-05CFD8C04B88}"
EndProject
Project("{FAE04EC0-301F-11D3-BF4B-00C04F79EFBC}") = "Bio", "bio\Bio.csproj", "{B53E11DF-F9A9-4939-893E-78E59872089A}"
EndProject
Project("{FAE04EC0-301F-11D3-BF4B-00C04F79EFBC}") = "ConsensusCore", "ConsensusCore\ConsensusCore.csproj", "{C308A414-9D37-4293-A20A-978B62A8C532}"
EndProject
Project("{8BC9CEB8-8B4A-11D0-8D11-00A0C91BC942}") = "ConsensusCoreCpp", "ConsensusCore\ConsensusCoreCpp.vcxproj", "{8281431D-465F-41CC-95D3-0253690B8098}"
EndProject
Project("{F2A71F9B-5D33-465A-A702-920D77279786}") = "scripts", "scripts\scripts.fsproj", "{9D8AE536-244A-4C9A-9A49-933776909902}"
EndProject
Global
	GlobalSection(SolutionConfigurationPlatforms) = preSolution
		Debug|Any CPU = Debug|Any CPU
		Debug|Mixed Platforms = Debug|Mixed Platforms
		Debug|Win32 = Debug|Win32
		Mono|Any CPU = Mono|Any CPU
		Mono|Mixed Platforms = Mono|Mixed Platforms
		Mono|Win32 = Mono|Win32
		Release|Any CPU = Release|Any CPU
		Release|Mixed Platforms = Release|Mixed Platforms
		Release|Win32 = Release|Win32
	EndGlobalSection
	GlobalSection(ProjectConfigurationPlatforms) = postSolution
		{C1EA5B21-991D-4455-BAA7-05CFD8C04B88}.Debug|Any CPU.ActiveCfg = Debug|Any CPU
		{C1EA5B21-991D-4455-BAA7-05CFD8C04B88}.Debug|Any CPU.Build.0 = Debug|Any CPU
		{C1EA5B21-991D-4455-BAA7-05CFD8C04B88}.Debug|Mixed Platforms.ActiveCfg = Debug|Any CPU
		{C1EA5B21-991D-4455-BAA7-05CFD8C04B88}.Debug|Mixed Platforms.Build.0 = Debug|Any CPU
		{C1EA5B21-991D-4455-BAA7-05CFD8C04B88}.Debug|Win32.ActiveCfg = Debug|Any CPU
		{C1EA5B21-991D-4455-BAA7-05CFD8C04B88}.Mono|Any CPU.ActiveCfg = Release|Any CPU
		{C1EA5B21-991D-4455-BAA7-05CFD8C04B88}.Mono|Any CPU.Build.0 = Release|Any CPU
		{C1EA5B21-991D-4455-BAA7-05CFD8C04B88}.Mono|Mixed Platforms.ActiveCfg = Release|Any CPU
		{C1EA5B21-991D-4455-BAA7-05CFD8C04B88}.Mono|Mixed Platforms.Build.0 = Release|Any CPU
		{C1EA5B21-991D-4455-BAA7-05CFD8C04B88}.Mono|Win32.ActiveCfg = Release|Any CPU
		{C1EA5B21-991D-4455-BAA7-05CFD8C04B88}.Release|Any CPU.ActiveCfg = Release|Any CPU
		{C1EA5B21-991D-4455-BAA7-05CFD8C04B88}.Release|Any CPU.Build.0 = Release|Any CPU
		{C1EA5B21-991D-4455-BAA7-05CFD8C04B88}.Release|Mixed Platforms.ActiveCfg = Release|Any CPU
		{C1EA5B21-991D-4455-BAA7-05CFD8C04B88}.Release|Mixed Platforms.Build.0 = Release|Any CPU
		{C1EA5B21-991D-4455-BAA7-05CFD8C04B88}.Release|Win32.ActiveCfg = Release|Any CPU
		{B53E11DF-F9A9-4939-893E-78E59872089A}.Debug|Any CPU.ActiveCfg = Debug|Any CPU
		{B53E11DF-F9A9-4939-893E-78E59872089A}.Debug|Any CPU.Build.0 = Debug|Any CPU
		{B53E11DF-F9A9-4939-893E-78E59872089A}.Debug|Mixed Platforms.ActiveCfg = Debug|Any CPU
		{B53E11DF-F9A9-4939-893E-78E59872089A}.Debug|Mixed Platforms.Build.0 = Debug|Any CPU
		{B53E11DF-F9A9-4939-893E-78E59872089A}.Debug|Win32.ActiveCfg = Debug|Any CPU
		{B53E11DF-F9A9-4939-893E-78E59872089A}.Mono|Any CPU.ActiveCfg = Mono|Any CPU
		{B53E11DF-F9A9-4939-893E-78E59872089A}.Mono|Any CPU.Build.0 = Mono|Any CPU
		{B53E11DF-F9A9-4939-893E-78E59872089A}.Mono|Mixed Platforms.ActiveCfg = Mono|Any CPU
		{B53E11DF-F9A9-4939-893E-78E59872089A}.Mono|Mixed Platforms.Build.0 = Mono|Any CPU
		{B53E11DF-F9A9-4939-893E-78E59872089A}.Mono|Win32.ActiveCfg = Mono|Any CPU
		{B53E11DF-F9A9-4939-893E-78E59872089A}.Release|Any CPU.ActiveCfg = Release|Any CPU
		{B53E11DF-F9A9-4939-893E-78E59872089A}.Release|Any CPU.Build.0 = Release|Any CPU
		{B53E11DF-F9A9-4939-893E-78E59872089A}.Release|Mixed Platforms.ActiveCfg = Release|Any CPU
		{B53E11DF-F9A9-4939-893E-78E59872089A}.Release|Mixed Platforms.Build.0 = Release|Any CPU
		{B53E11DF-F9A9-4939-893E-78E59872089A}.Release|Win32.ActiveCfg = Release|Any CPU
		{C308A414-9D37-4293-A20A-978B62A8C532}.Debug|Any CPU.ActiveCfg = Debug|Any CPU
		{C308A414-9D37-4293-A20A-978B62A8C532}.Debug|Any CPU.Build.0 = Debug|Any CPU
		{C308A414-9D37-4293-A20A-978B62A8C532}.Debug|Mixed Platforms.ActiveCfg = Debug|Any CPU
		{C308A414-9D37-4293-A20A-978B62A8C532}.Debug|Mixed Platforms.Build.0 = Debug|Any CPU
		{C308A414-9D37-4293-A20A-978B62A8C532}.Debug|Win32.ActiveCfg = Debug|Any CPU
		{C308A414-9D37-4293-A20A-978B62A8C532}.Mono|Any CPU.ActiveCfg = Release|Any CPU
		{C308A414-9D37-4293-A20A-978B62A8C532}.Mono|Any CPU.Build.0 = Release|Any CPU
		{C308A414-9D37-4293-A20A-978B62A8C532}.Mono|Mixed Platforms.ActiveCfg = Release|Any CPU
		{C308A414-9D37-4293-A20A-978B62A8C532}.Mono|Mixed Platforms.Build.0 = Release|Any CPU
		{C308A414-9D37-4293-A20A-978B62A8C532}.Mono|Win32.ActiveCfg = Release|Any CPU
		{C308A414-9D37-4293-A20A-978B62A8C532}.Release|Any CPU.ActiveCfg = Release|Any CPU
		{C308A414-9D37-4293-A20A-978B62A8C532}.Release|Any CPU.Build.0 = Release|Any CPU
		{C308A414-9D37-4293-A20A-978B62A8C532}.Release|Mixed Platforms.ActiveCfg = Release|Any CPU
		{C308A414-9D37-4293-A20A-978B62A8C532}.Release|Mixed Platforms.Build.0 = Release|Any CPU
		{C308A414-9D37-4293-A20A-978B62A8C532}.Release|Win32.ActiveCfg = Release|Any CPU
		{8281431D-465F-41CC-95D3-0253690B8098}.Debug|Any CPU.ActiveCfg = Debug|Win32
		{8281431D-465F-41CC-95D3-0253690B8098}.Debug|Mixed Platforms.ActiveCfg = Debug|Win32
		{8281431D-465F-41CC-95D3-0253690B8098}.Debug|Mixed Platforms.Build.0 = Debug|Win32
		{8281431D-465F-41CC-95D3-0253690B8098}.Debug|Win32.ActiveCfg = Debug|Win32
		{8281431D-465F-41CC-95D3-0253690B8098}.Debug|Win32.Build.0 = Debug|Win32
		{8281431D-465F-41CC-95D3-0253690B8098}.Mono|Any CPU.ActiveCfg = Release|Win32
		{8281431D-465F-41CC-95D3-0253690B8098}.Mono|Mixed Platforms.ActiveCfg = Release|Win32
		{8281431D-465F-41CC-95D3-0253690B8098}.Mono|Mixed Platforms.Build.0 = Release|Win32
		{8281431D-465F-41CC-95D3-0253690B8098}.Mono|Win32.ActiveCfg = Release|Win32
		{8281431D-465F-41CC-95D3-0253690B8098}.Mono|Win32.Build.0 = Release|Win32
		{8281431D-465F-41CC-95D3-0253690B8098}.Release|Any CPU.ActiveCfg = Release|Win32
		{8281431D-465F-41CC-95D3-0253690B8098}.Release|Mixed Platforms.ActiveCfg = Release|Win32
		{8281431D-465F-41CC-95D3-0253690B8098}.Release|Mixed Platforms.Build.0 = Release|Win32
		{8281431D-465F-41CC-95D3-0253690B8098}.Release|Win32.ActiveCfg = Release|Win32
		{8281431D-465F-41CC-95D3-0253690B8098}.Release|Win32.Build.0 = Release|Win32
		{9D8AE536-244A-4C9A-9A49-933776909902}.Debug|Any CPU.ActiveCfg = Debug|Any CPU
		{9D8AE536-244A-4C9A-9A49-933776909902}.Debug|Any CPU.Build.0 = Debug|Any CPU
		{9D8AE536-244A-4C9A-9A49-933776909902}.Debug|Mixed Platforms.ActiveCfg = Debug|Any CPU
		{9D8AE536-244A-4C9A-9A49-933776909902}.Debug|Mixed Platforms.Build.0 = Debug|Any CPU
		{9D8AE536-244A-4C9A-9A49-933776909902}.Debug|Win32.ActiveCfg = Debug|Any CPU
		{9D8AE536-244A-4C9A-9A49-933776909902}.Mono|Any CPU.ActiveCfg = Release|Any CPU
		{9D8AE536-244A-4C9A-9A49-933776909902}.Mono|Any CPU.Build.0 = Release|Any CPU
		{9D8AE536-244A-4C9A-9A49-933776909902}.Mono|Mixed Platforms.ActiveCfg = Release|Any CPU
		{9D8AE536-244A-4C9A-9A49-933776909902}.Mono|Mixed Platforms.Build.0 = Release|Any CPU
		{9D8AE536-244A-4C9A-9A49-933776909902}.Mono|Win32.ActiveCfg = Release|Any CPU
		{9D8AE536-244A-4C9A-9A49-933776909902}.Release|Any CPU.ActiveCfg = Release|Any CPU
		{9D8AE536-244A-4C9A-9A49-933776909902}.Release|Any CPU.Build.0 = Release|Any CPU
		{9D8AE536-244A-4C9A-9A49-933776909902}.Release|Mixed Platforms.ActiveCfg = Release|Any CPU
		{9D8AE536-244A-4C9A-9A49-933776909902}.Release|Mixed Platforms.Build.0 = Release|Any CPU
		{9D8AE536-244A-4C9A-9A49-933776909902}.Release|Win32.ActiveCfg = Release|Any CPU
	EndGlobalSection
	GlobalSection(SolutionProperties) = preSolution
		HideSolutionNode = FALSE
	EndGlobalSection
EndGlobal
